// !$*UTF8*$!
{
	archiveVersion = 1;
	classes = {
	};
	objectVersion = 46;
	objects = {

/* Begin PBXBuildFile section */
		B29BED621BBE1EE500563861 /* main.m in Sources */ = {isa = PBXBuildFile; fileRef = B29BED611BBE1EE500563861 /* main.m */; };
		B29BED651BBE1EE500563861 /* AppDelegate.m in Sources */ = {isa = PBXBuildFile; fileRef = B29BED641BBE1EE500563861 /* AppDelegate.m */; };
		B29BED681BBE1EE500563861 /* ViewController.m in Sources */ = {isa = PBXBuildFile; fileRef = B29BED671BBE1EE500563861 /* ViewController.m */; };
		B29BED6B1BBE1EE500563861 /* Main.storyboard in Resources */ = {isa = PBXBuildFile; fileRef = B29BED691BBE1EE500563861 /* Main.storyboard */; };
		B29BED6D1BBE1EE500563861 /* Images.xcassets in Resources */ = {isa = PBXBuildFile; fileRef = B29BED6C1BBE1EE500563861 /* Images.xcassets */; };
		B29BED701BBE1EE500563861 /* LaunchScreen.xib in Resources */ = {isa = PBXBuildFile; fileRef = B29BED6E1BBE1EE500563861 /* LaunchScreen.xib */; };
		B29BED8A1BBE28AB00563861 /* NSDictionary+Meme.m in Sources */ = {isa = PBXBuildFile; fileRef = B29BED891BBE28AB00563861 /* NSDictionary+Meme.m */; };
		B2D8D7671BC4443F0066DD17 /* Icon-40.png in Resources */ = {isa = PBXBuildFile; fileRef = B2D8D7561BC4443F0066DD17 /* Icon-40.png */; settings = {ASSET_TAGS = (); }; };
		B2D8D7681BC4443F0066DD17 /* Icon-40@2x.png in Resources */ = {isa = PBXBuildFile; fileRef = B2D8D7571BC4443F0066DD17 /* Icon-40@2x.png */; settings = {ASSET_TAGS = (); }; };
		B2D8D7691BC4443F0066DD17 /* Icon-40@3x.png in Resources */ = {isa = PBXBuildFile; fileRef = B2D8D7581BC4443F0066DD17 /* Icon-40@3x.png */; settings = {ASSET_TAGS = (); }; };
		B2D8D76A1BC4443F0066DD17 /* Icon-60@2x.png in Resources */ = {isa = PBXBuildFile; fileRef = B2D8D7591BC4443F0066DD17 /* Icon-60@2x.png */; settings = {ASSET_TAGS = (); }; };
		B2D8D76B1BC4443F0066DD17 /* Icon-60@3x.png in Resources */ = {isa = PBXBuildFile; fileRef = B2D8D75A1BC4443F0066DD17 /* Icon-60@3x.png */; settings = {ASSET_TAGS = (); }; };
		B2D8D76C1BC4443F0066DD17 /* Icon-76.png in Resources */ = {isa = PBXBuildFile; fileRef = B2D8D75B1BC4443F0066DD17 /* Icon-76.png */; settings = {ASSET_TAGS = (); }; };
		B2D8D76D1BC4443F0066DD17 /* Icon-76@2x.png in Resources */ = {isa = PBXBuildFile; fileRef = B2D8D75C1BC4443F0066DD17 /* Icon-76@2x.png */; settings = {ASSET_TAGS = (); }; };
		B2D8D76E1BC4443F0066DD17 /* Icon-Small.png in Resources */ = {isa = PBXBuildFile; fileRef = B2D8D75D1BC4443F0066DD17 /* Icon-Small.png */; settings = {ASSET_TAGS = (); }; };
		B2D8D76F1BC4443F0066DD17 /* Icon-Small@2x.png in Resources */ = {isa = PBXBuildFile; fileRef = B2D8D75E1BC4443F0066DD17 /* Icon-Small@2x.png */; settings = {ASSET_TAGS = (); }; };
		B2D8D7701BC4443F0066DD17 /* Icon-Small@3x.png in Resources */ = {isa = PBXBuildFile; fileRef = B2D8D75F1BC4443F0066DD17 /* Icon-Small@3x.png */; settings = {ASSET_TAGS = (); }; };
		B2D8D7711BC4443F0066DD17 /* Icon-60.png in Resources */ = {isa = PBXBuildFile; fileRef = B2D8D7601BC4443F0066DD17 /* Icon-60.png */; settings = {ASSET_TAGS = (); }; };
		B2D8D7721BC4443F0066DD17 /* Icon-72.png in Resources */ = {isa = PBXBuildFile; fileRef = B2D8D7611BC4443F0066DD17 /* Icon-72.png */; settings = {ASSET_TAGS = (); }; };
		B2D8D7731BC4443F0066DD17 /* Icon-72@2x.png in Resources */ = {isa = PBXBuildFile; fileRef = B2D8D7621BC4443F0066DD17 /* Icon-72@2x.png */; settings = {ASSET_TAGS = (); }; };
		B2D8D7741BC4443F0066DD17 /* Icon-Small-50.png in Resources */ = {isa = PBXBuildFile; fileRef = B2D8D7631BC4443F0066DD17 /* Icon-Small-50.png */; settings = {ASSET_TAGS = (); }; };
		B2D8D7751BC4443F0066DD17 /* Icon-Small-50@2x.png in Resources */ = {isa = PBXBuildFile; fileRef = B2D8D7641BC4443F0066DD17 /* Icon-Small-50@2x.png */; settings = {ASSET_TAGS = (); }; };
		B2D8D7761BC4443F0066DD17 /* Icon.png in Resources */ = {isa = PBXBuildFile; fileRef = B2D8D7651BC4443F0066DD17 /* Icon.png */; settings = {ASSET_TAGS = (); }; };
		B2D8D7771BC4443F0066DD17 /* Icon@2x.png in Resources */ = {isa = PBXBuildFile; fileRef = B2D8D7661BC4443F0066DD17 /* Icon@2x.png */; settings = {ASSET_TAGS = (); }; };
		B2D8D77B1BC447220066DD17 /* smiley.jpg in Resources */ = {isa = PBXBuildFile; fileRef = B2D8D77A1BC447220066DD17 /* smiley.jpg */; settings = {ASSET_TAGS = (); }; };
/* End PBXBuildFile section */

/* Begin PBXFileReference section */
		B29BED5C1BBE1EE500563861 /* MemeMachine.app */ = {isa = PBXFileReference; explicitFileType = wrapper.application; includeInIndex = 0; path = MemeMachine.app; sourceTree = BUILT_PRODUCTS_DIR; };
		B29BED601BBE1EE500563861 /* Info.plist */ = {isa = PBXFileReference; lastKnownFileType = text.plist.xml; path = Info.plist; sourceTree = "<group>"; };
		B29BED611BBE1EE500563861 /* main.m */ = {isa = PBXFileReference; lastKnownFileType = sourcecode.c.objc; path = main.m; sourceTree = "<group>"; };
		B29BED631BBE1EE500563861 /* AppDelegate.h */ = {isa = PBXFileReference; lastKnownFileType = sourcecode.c.h; path = AppDelegate.h; sourceTree = "<group>"; };
		B29BED641BBE1EE500563861 /* AppDelegate.m */ = {isa = PBXFileReference; lastKnownFileType = sourcecode.c.objc; path = AppDelegate.m; sourceTree = "<group>"; };
		B29BED661BBE1EE500563861 /* ViewController.h */ = {isa = PBXFileReference; lastKnownFileType = sourcecode.c.h; path = ViewController.h; sourceTree = "<group>"; };
		B29BED671BBE1EE500563861 /* ViewController.m */ = {isa = PBXFileReference; lastKnownFileType = sourcecode.c.objc; path = ViewController.m; sourceTree = "<group>"; };
		B29BED6A1BBE1EE500563861 /* Base */ = {isa = PBXFileReference; lastKnownFileType = file.storyboard; name = Base; path = Base.lproj/Main.storyboard; sourceTree = "<group>"; };
		B29BED6C1BBE1EE500563861 /* Images.xcassets */ = {isa = PBXFileReference; lastKnownFileType = folder.assetcatalog; path = Images.xcassets; sourceTree = "<group>"; };
		B29BED6F1BBE1EE500563861 /* Base */ = {isa = PBXFileReference; lastKnownFileType = file.xib; name = Base; path = Base.lproj/LaunchScreen.xib; sourceTree = "<group>"; };
		B29BED7A1BBE1EE500563861 /* Info.plist */ = {isa = PBXFileReference; lastKnownFileType = text.plist.xml; path = Info.plist; sourceTree = "<group>"; };
		B29BED7B1BBE1EE500563861 /* MemeMachineTests.m */ = {isa = PBXFileReference; lastKnownFileType = sourcecode.c.objc; path = MemeMachineTests.m; sourceTree = "<group>"; };
		B29BED881BBE28AB00563861 /* NSDictionary+Meme.h */ = {isa = PBXFileReference; fileEncoding = 4; lastKnownFileType = sourcecode.c.h; path = "NSDictionary+Meme.h"; sourceTree = "<group>"; };
		B29BED891BBE28AB00563861 /* NSDictionary+Meme.m */ = {isa = PBXFileReference; fileEncoding = 4; lastKnownFileType = sourcecode.c.objc; path = "NSDictionary+Meme.m"; sourceTree = "<group>"; };
		B2D8D7561BC4443F0066DD17 /* Icon-40.png */ = {isa = PBXFileReference; lastKnownFileType = image.png; path = "Icon-40.png"; sourceTree = "<group>"; };
		B2D8D7571BC4443F0066DD17 /* Icon-40@2x.png */ = {isa = PBXFileReference; lastKnownFileType = image.png; path = "Icon-40@2x.png"; sourceTree = "<group>"; };
		B2D8D7581BC4443F0066DD17 /* Icon-40@3x.png */ = {isa = PBXFileReference; lastKnownFileType = image.png; path = "Icon-40@3x.png"; sourceTree = "<group>"; };
		B2D8D7591BC4443F0066DD17 /* Icon-60@2x.png */ = {isa = PBXFileReference; lastKnownFileType = image.png; path = "Icon-60@2x.png"; sourceTree = "<group>"; };
		B2D8D75A1BC4443F0066DD17 /* Icon-60@3x.png */ = {isa = PBXFileReference; lastKnownFileType = image.png; path = "Icon-60@3x.png"; sourceTree = "<group>"; };
		B2D8D75B1BC4443F0066DD17 /* Icon-76.png */ = {isa = PBXFileReference; lastKnownFileType = image.png; path = "Icon-76.png"; sourceTree = "<group>"; };
		B2D8D75C1BC4443F0066DD17 /* Icon-76@2x.png */ = {isa = PBXFileReference; lastKnownFileType = image.png; path = "Icon-76@2x.png"; sourceTree = "<group>"; };
		B2D8D75D1BC4443F0066DD17 /* Icon-Small.png */ = {isa = PBXFileReference; lastKnownFileType = image.png; path = "Icon-Small.png"; sourceTree = "<group>"; };
		B2D8D75E1BC4443F0066DD17 /* Icon-Small@2x.png */ = {isa = PBXFileReference; lastKnownFileType = image.png; path = "Icon-Small@2x.png"; sourceTree = "<group>"; };
		B2D8D75F1BC4443F0066DD17 /* Icon-Small@3x.png */ = {isa = PBXFileReference; lastKnownFileType = image.png; path = "Icon-Small@3x.png"; sourceTree = "<group>"; };
		B2D8D7601BC4443F0066DD17 /* Icon-60.png */ = {isa = PBXFileReference; lastKnownFileType = image.png; path = "Icon-60.png"; sourceTree = "<group>"; };
		B2D8D7611BC4443F0066DD17 /* Icon-72.png */ = {isa = PBXFileReference; lastKnownFileType = image.png; path = "Icon-72.png"; sourceTree = "<group>"; };
		B2D8D7621BC4443F0066DD17 /* Icon-72@2x.png */ = {isa = PBXFileReference; lastKnownFileType = image.png; path = "Icon-72@2x.png"; sourceTree = "<group>"; };
		B2D8D7631BC4443F0066DD17 /* Icon-Small-50.png */ = {isa = PBXFileReference; lastKnownFileType = image.png; path = "Icon-Small-50.png"; sourceTree = "<group>"; };
		B2D8D7641BC4443F0066DD17 /* Icon-Small-50@2x.png */ = {isa = PBXFileReference; lastKnownFileType = image.png; path = "Icon-Small-50@2x.png"; sourceTree = "<group>"; };
		B2D8D7651BC4443F0066DD17 /* Icon.png */ = {isa = PBXFileReference; lastKnownFileType = image.png; path = Icon.png; sourceTree = "<group>"; };
		B2D8D7661BC4443F0066DD17 /* Icon@2x.png */ = {isa = PBXFileReference; lastKnownFileType = image.png; path = "Icon@2x.png"; sourceTree = "<group>"; };
		B2D8D77A1BC447220066DD17 /* smiley.jpg */ = {isa = PBXFileReference; lastKnownFileType = image.jpeg; path = smiley.jpg; sourceTree = "<group>"; };
/* End PBXFileReference section */

/* Begin PBXFrameworksBuildPhase section */
		B29BED591BBE1EE500563861 /* Frameworks */ = {
			isa = PBXFrameworksBuildPhase;
			buildActionMask = 2147483647;
			files = (
			);
			runOnlyForDeploymentPostprocessing = 0;
		};
/* End PBXFrameworksBuildPhase section */

/* Begin PBXGroup section */
		B29BED531BBE1EE500563861 = {
			isa = PBXGroup;
			children = (
				B29BED5E1BBE1EE500563861 /* MemeMachine */,
				B29BED781BBE1EE500563861 /* MemeMachineTests */,
				B29BED5D1BBE1EE500563861 /* Products */,
			);
			sourceTree = "<group>";
		};
		B29BED5D1BBE1EE500563861 /* Products */ = {
			isa = PBXGroup;
			children = (
				B29BED5C1BBE1EE500563861 /* MemeMachine.app */,
			);
			name = Products;
			sourceTree = "<group>";
		};
		B29BED5E1BBE1EE500563861 /* MemeMachine */ = {
			isa = PBXGroup;
			children = (
				B29BED631BBE1EE500563861 /* AppDelegate.h */,
				B29BED641BBE1EE500563861 /* AppDelegate.m */,
				B29BED661BBE1EE500563861 /* ViewController.h */,
				B29BED671BBE1EE500563861 /* ViewController.m */,
				B29BED881BBE28AB00563861 /* NSDictionary+Meme.h */,
				B29BED891BBE28AB00563861 /* NSDictionary+Meme.m */,
				B29BED691BBE1EE500563861 /* Main.storyboard */,
				B29BED6C1BBE1EE500563861 /* Images.xcassets */,
				B29BED6E1BBE1EE500563861 /* LaunchScreen.xib */,
				B29BED5F1BBE1EE500563861 /* Supporting Files */,
			);
			path = MemeMachine;
			sourceTree = "<group>";
		};
		B29BED5F1BBE1EE500563861 /* Supporting Files */ = {
			isa = PBXGroup;
			children = (
				B2D8D77A1BC447220066DD17 /* smiley.jpg */,
				B2D8D7561BC4443F0066DD17 /* Icon-40.png */,
				B2D8D7571BC4443F0066DD17 /* Icon-40@2x.png */,
				B2D8D7581BC4443F0066DD17 /* Icon-40@3x.png */,
				B2D8D7591BC4443F0066DD17 /* Icon-60@2x.png */,
				B2D8D75A1BC4443F0066DD17 /* Icon-60@3x.png */,
				B2D8D75B1BC4443F0066DD17 /* Icon-76.png */,
				B2D8D75C1BC4443F0066DD17 /* Icon-76@2x.png */,
				B2D8D75D1BC4443F0066DD17 /* Icon-Small.png */,
				B2D8D75E1BC4443F0066DD17 /* Icon-Small@2x.png */,
				B2D8D75F1BC4443F0066DD17 /* Icon-Small@3x.png */,
				B2D8D7601BC4443F0066DD17 /* Icon-60.png */,
				B2D8D7611BC4443F0066DD17 /* Icon-72.png */,
				B2D8D7621BC4443F0066DD17 /* Icon-72@2x.png */,
				B2D8D7631BC4443F0066DD17 /* Icon-Small-50.png */,
				B2D8D7641BC4443F0066DD17 /* Icon-Small-50@2x.png */,
				B2D8D7651BC4443F0066DD17 /* Icon.png */,
				B2D8D7661BC4443F0066DD17 /* Icon@2x.png */,
				B29BED601BBE1EE500563861 /* Info.plist */,
				B29BED611BBE1EE500563861 /* main.m */,
			);
			name = "Supporting Files";
			sourceTree = "<group>";
		};
		B29BED781BBE1EE500563861 /* MemeMachineTests */ = {
			isa = PBXGroup;
			children = (
				B29BED7B1BBE1EE500563861 /* MemeMachineTests.m */,
				B29BED791BBE1EE500563861 /* Supporting Files */,
			);
			path = MemeMachineTests;
			sourceTree = "<group>";
		};
		B29BED791BBE1EE500563861 /* Supporting Files */ = {
			isa = PBXGroup;
			children = (
				B29BED7A1BBE1EE500563861 /* Info.plist */,
			);
			name = "Supporting Files";
			sourceTree = "<group>";
		};
/* End PBXGroup section */

/* Begin PBXNativeTarget section */
		B29BED5B1BBE1EE500563861 /* MemeMachine */ = {
			isa = PBXNativeTarget;
			buildConfigurationList = B29BED7F1BBE1EE500563861 /* Build configuration list for PBXNativeTarget "MemeMachine" */;
			buildPhases = (
				B29BED581BBE1EE500563861 /* Sources */,
				B29BED591BBE1EE500563861 /* Frameworks */,
				B29BED5A1BBE1EE500563861 /* Resources */,
			);
			buildRules = (
			);
			dependencies = (
			);
			name = MemeMachine;
			productName = MemeMachine;
			productReference = B29BED5C1BBE1EE500563861 /* MemeMachine.app */;
			productType = "com.apple.product-type.application";
		};
/* End PBXNativeTarget section */

/* Begin PBXProject section */
		B29BED541BBE1EE500563861 /* Project object */ = {
			isa = PBXProject;
			attributes = {
				LastUpgradeCheck = 0640;
				ORGANIZATIONNAME = DigitalArsenal;
				TargetAttributes = {
					B29BED5B1BBE1EE500563861 = {
						CreatedOnToolsVersion = 6.4;
						DevelopmentTeam = 6883GS59DP;
					};
				};
			};
			buildConfigurationList = B29BED571BBE1EE500563861 /* Build configuration list for PBXProject "MemeMachine" */;
			compatibilityVersion = "Xcode 3.2";
			developmentRegion = English;
			hasScannedForEncodings = 0;
			knownRegions = (
				en,
				Base,
			);
			mainGroup = B29BED531BBE1EE500563861;
			productRefGroup = B29BED5D1BBE1EE500563861 /* Products */;
			projectDirPath = "";
			projectRoot = "";
			targets = (
				B29BED5B1BBE1EE500563861 /* MemeMachine */,
			);
		};
/* End PBXProject section */

/* Begin PBXResourcesBuildPhase section */
		B29BED5A1BBE1EE500563861 /* Resources */ = {
			isa = PBXResourcesBuildPhase;
			buildActionMask = 2147483647;
			files = (
				B29BED6B1BBE1EE500563861 /* Main.storyboard in Resources */,
				B29BED701BBE1EE500563861 /* LaunchScreen.xib in Resources */,
				B2D8D7741BC4443F0066DD17 /* Icon-Small-50.png in Resources */,
				B2D8D7681BC4443F0066DD17 /* Icon-40@2x.png in Resources */,
				B29BED6D1BBE1EE500563861 /* Images.xcassets in Resources */,
				B2D8D7731BC4443F0066DD17 /* Icon-72@2x.png in Resources */,
				B2D8D7711BC4443F0066DD17 /* Icon-60.png in Resources */,
				B2D8D7751BC4443F0066DD17 /* Icon-Small-50@2x.png in Resources */,
				B2D8D76F1BC4443F0066DD17 /* Icon-Small@2x.png in Resources */,
				B2D8D76D1BC4443F0066DD17 /* Icon-76@2x.png in Resources */,
				B2D8D7691BC4443F0066DD17 /* Icon-40@3x.png in Resources */,
				B2D8D7761BC4443F0066DD17 /* Icon.png in Resources */,
				B2D8D76B1BC4443F0066DD17 /* Icon-60@3x.png in Resources */,
				B2D8D76E1BC4443F0066DD17 /* Icon-Small.png in Resources */,
				B2D8D76C1BC4443F0066DD17 /* Icon-76.png in Resources */,
				B2D8D7771BC4443F0066DD17 /* Icon@2x.png in Resources */,
				B2D8D7671BC4443F0066DD17 /* Icon-40.png in Resources */,
				B2D8D7721BC4443F0066DD17 /* Icon-72.png in Resources */,
				B2D8D77B1BC447220066DD17 /* smiley.jpg in Resources */,
				B2D8D7701BC4443F0066DD17 /* Icon-Small@3x.png in Resources */,
				B2D8D76A1BC4443F0066DD17 /* Icon-60@2x.png in Resources */,
			);
			runOnlyForDeploymentPostprocessing = 0;
		};
/* End PBXResourcesBuildPhase section */

/* Begin PBXSourcesBuildPhase section */
		B29BED581BBE1EE500563861 /* Sources */ = {
			isa = PBXSourcesBuildPhase;
			buildActionMask = 2147483647;
			files = (
				B29BED8A1BBE28AB00563861 /* NSDictionary+Meme.m in Sources */,
				B29BED681BBE1EE500563861 /* ViewController.m in Sources */,
				B29BED651BBE1EE500563861 /* AppDelegate.m in Sources */,
				B29BED621BBE1EE500563861 /* main.m in Sources */,
			);
			runOnlyForDeploymentPostprocessing = 0;
		};
/* End PBXSourcesBuildPhase section */

/* Begin PBXVariantGroup section */
		B29BED691BBE1EE500563861 /* Main.storyboard */ = {
			isa = PBXVariantGroup;
			children = (
				B29BED6A1BBE1EE500563861 /* Base */,
			);
			name = Main.storyboard;
			sourceTree = "<group>";
		};
		B29BED6E1BBE1EE500563861 /* LaunchScreen.xib */ = {
			isa = PBXVariantGroup;
			children = (
				B29BED6F1BBE1EE500563861 /* Base */,
			);
			name = LaunchScreen.xib;
			sourceTree = "<group>";
		};
/* End PBXVariantGroup section */

/* Begin XCBuildConfiguration section */
		B29BED7D1BBE1EE500563861 /* Debug */ = {
			isa = XCBuildConfiguration;
			buildSettings = {
				ALWAYS_SEARCH_USER_PATHS = NO;
				CLANG_CXX_LANGUAGE_STANDARD = "gnu++0x";
				CLANG_CXX_LIBRARY = "libc++";
				CLANG_ENABLE_MODULES = YES;
				CLANG_ENABLE_OBJC_ARC = YES;
				CLANG_WARN_BOOL_CONVERSION = YES;
				CLANG_WARN_CONSTANT_CONVERSION = YES;
				CLANG_WARN_DIRECT_OBJC_ISA_USAGE = YES_ERROR;
				CLANG_WARN_EMPTY_BODY = YES;
				CLANG_WARN_ENUM_CONVERSION = YES;
				CLANG_WARN_INT_CONVERSION = YES;
				CLANG_WARN_OBJC_ROOT_CLASS = YES_ERROR;
				CLANG_WARN_UNREACHABLE_CODE = YES;
				CLANG_WARN__DUPLICATE_METHOD_MATCH = YES;
				"CODE_SIGN_IDENTITY[sdk=iphoneos*]" = "iPhone Developer";
				COPY_PHASE_STRIP = NO;
				DEBUG_INFORMATION_FORMAT = "dwarf-with-dsym";
				ENABLE_STRICT_OBJC_MSGSEND = YES;
				GCC_C_LANGUAGE_STANDARD = gnu99;
				GCC_DYNAMIC_NO_PIC = NO;
				GCC_NO_COMMON_BLOCKS = YES;
				GCC_OPTIMIZATION_LEVEL = 0;
				GCC_PREPROCESSOR_DEFINITIONS = (
					"DEBUG=1",
					"$(inherited)",
				);
				GCC_SYMBOLS_PRIVATE_EXTERN = NO;
				GCC_WARN_64_TO_32_BIT_CONVERSION = YES;
				GCC_WARN_ABOUT_RETURN_TYPE = YES_ERROR;
				GCC_WARN_UNDECLARED_SELECTOR = YES;
				GCC_WARN_UNINITIALIZED_AUTOS = YES_AGGRESSIVE;
				GCC_WARN_UNUSED_FUNCTION = YES;
				GCC_WARN_UNUSED_VARIABLE = YES;
				IPHONEOS_DEPLOYMENT_TARGET = 8.4;
				MTL_ENABLE_DEBUG_INFO = YES;
				ONLY_ACTIVE_ARCH = YES;
				SDKROOT = iphoneos;
				TARGETED_DEVICE_FAMILY = "1,2";
			};
			name = Debug;
		};
		B29BED7E1BBE1EE500563861 /* Release */ = {
			isa = XCBuildConfiguration;
			buildSettings = {
				ALWAYS_SEARCH_USER_PATHS = NO;
				CLANG_CXX_LANGUAGE_STANDARD = "gnu++0x";
				CLANG_CXX_LIBRARY = "libc++";
				CLANG_ENABLE_MODULES = YES;
				CLANG_ENABLE_OBJC_ARC = YES;
				CLANG_WARN_BOOL_CONVERSION = YES;
				CLANG_WARN_CONSTANT_CONVERSION = YES;
				CLANG_WARN_DIRECT_OBJC_ISA_USAGE = YES_ERROR;
				CLANG_WARN_EMPTY_BODY = YES;
				CLANG_WARN_ENUM_CONVERSION = YES;
				CLANG_WARN_INT_CONVERSION = YES;
				CLANG_WARN_OBJC_ROOT_CLASS = YES_ERROR;
				CLANG_WARN_UNREACHABLE_CODE = YES;
				CLANG_WARN__DUPLICATE_METHOD_MATCH = YES;
				"CODE_SIGN_IDENTITY[sdk=iphoneos*]" = "iPhone Developer";
				COPY_PHASE_STRIP = NO;
				DEBUG_INFORMATION_FORMAT = "dwarf-with-dsym";
				ENABLE_NS_ASSERTIONS = NO;
				ENABLE_STRICT_OBJC_MSGSEND = YES;
				GCC_C_LANGUAGE_STANDARD = gnu99;
				GCC_NO_COMMON_BLOCKS = YES;
				GCC_WARN_64_TO_32_BIT_CONVERSION = YES;
				GCC_WARN_ABOUT_RETURN_TYPE = YES_ERROR;
				GCC_WARN_UNDECLARED_SELECTOR = YES;
				GCC_WARN_UNINITIALIZED_AUTOS = YES_AGGRESSIVE;
				GCC_WARN_UNUSED_FUNCTION = YES;
				GCC_WARN_UNUSED_VARIABLE = YES;
				IPHONEOS_DEPLOYMENT_TARGET = 8.4;
				MTL_ENABLE_DEBUG_INFO = NO;
				SDKROOT = iphoneos;
				TARGETED_DEVICE_FAMILY = "1,2";
				VALIDATE_PRODUCT = YES;
			};
			name = Release;
		};
		B29BED801BBE1EE500563861 /* Debug */ = {
			isa = XCBuildConfiguration;
			buildSettings = {
				ASSETCATALOG_COMPILER_APPICON_NAME = AppIcon;
				CODE_SIGN_IDENTITY = "iPhone Developer";
				INFOPLIST_FILE = MemeMachine/Info.plist;
				LD_RUNPATH_SEARCH_PATHS = "$(inherited) @executable_path/Frameworks";
				PRODUCT_NAME = "$(TARGET_NAME)";
			};
			name = Debug;
		};
		B29BED811BBE1EE500563861 /* Release */ = {
			isa = XCBuildConfiguration;
			buildSettings = {
				ASSETCATALOG_COMPILER_APPICON_NAME = AppIcon;
				CODE_SIGN_IDENTITY = "iPhone Developer";
				INFOPLIST_FILE = MemeMachine/Info.plist;
				LD_RUNPATH_SEARCH_PATHS = "$(inherited) @executable_path/Frameworks";
				PRODUCT_NAME = "$(TARGET_NAME)";
			};
			name = Release;
		};
/* End XCBuildConfiguration section */

/* Begin XCConfigurationList section */
		B29BED571BBE1EE500563861 /* Build configuration list for PBXProject "MemeMachine" */ = {
			isa = XCConfigurationList;
			buildConfigurations = (
				B29BED7D1BBE1EE500563861 /* Debug */,
				B29BED7E1BBE1EE500563861 /* Release */,
			);
			defaultConfigurationIsVisible = 0;
			defaultConfigurationName = Release;
		};
		B29BED7F1BBE1EE500563861 /* Build configuration list for PBXNativeTarget "MemeMachine" */ = {
			isa = XCConfigurationList;
			buildConfigurations = (
				B29BED801BBE1EE500563861 /* Debug */,
				B29BED811BBE1EE500563861 /* Release */,
			);
			defaultConfigurationIsVisible = 0;
			defaultConfigurationName = Release;
		};
/* End XCConfigurationList section */
	};
	rootObject = B29BED541BBE1EE500563861 /* Project object */;
}
